{
  "version": 4,
  "terraform_version": "1.6.5",
  "serial": 182,
  "lineage": "41644737-76db-cbd1-b86a-d2d5560dda80",
  "outputs": {},
  "resources": [
    {
      "module": "module.Terraform_linux_instance",
      "mode": "managed",
      "type": "azurerm_linux_virtual_machine",
      "name": "my_terraform_vm",
      "provider": "module.Terraform_linux_instance.provider[\"registry.terraform.io/hashicorp/azurerm\"]",
      "instances": [
        {
          "index_key": "tvm1",
          "schema_version": 0,
          "attributes": {
            "additional_capabilities": [],
            "admin_password": "Password!@#$",
            "admin_ssh_key": [],
            "admin_username": "azureuser1",
            "allow_extension_operations": true,
            "availability_set_id": "",
            "boot_diagnostics": [],
            "bypass_platform_safety_checks_on_user_schedule_enabled": false,
            "capacity_reservation_group_id": "",
            "computer_name": "vm-tvm1",
            "custom_data": "IyEvYmluL2Jhc2gKCiMgVXBkYXRlIHBhY2thZ2UgbGlzdHMKc3VkbyBhcHQtZ2V0IHVwZGF0ZQoKIyBJbnN0YWxsIEphdmEKc3VkbyBhcHQtZ2V0IGluc3RhbGwgLXkgZGVmYXVsdC1qcmUKCiMgSW5zdGFsbCBhbnNpYmxlCnN1ZG8gYXB0IGluc3RhbGwgLXkgYW5zaWJsZQoKIyBTZXQgdGhlIHNjcmlwdCBhcyBleGVjdXRhYmxlCmNobW9kICt4IGluc3RhbGxfcGFja2FnZXMuc2g=",
            "dedicated_host_group_id": "",
            "dedicated_host_id": "",
            "disable_password_authentication": false,
            "edge_zone": "",
            "encryption_at_host_enabled": false,
            "eviction_policy": "",
            "extensions_time_budget": "PT1H30M",
            "gallery_application": [],
            "id": "/subscriptions/24aec7d3-4d2b-4477-bf63-4badc43041db/resourceGroups/terraformrg/providers/Microsoft.Compute/virtualMachines/vm-tvm1",
            "identity": [],
            "license_type": "",
            "location": "westus",
            "max_bid_price": -1,
            "name": "vm-tvm1",
            "network_interface_ids": [
              "/subscriptions/24aec7d3-4d2b-4477-bf63-4badc43041db/resourceGroups/terraformrg/providers/Microsoft.Network/networkInterfaces/my-nic-tvm1"
            ],
            "os_disk": [
              {
                "caching": "ReadWrite",
                "diff_disk_settings": [],
                "disk_encryption_set_id": "",
                "disk_size_gb": 30,
                "name": "tvm1-osdisk",
                "secure_vm_disk_encryption_set_id": "",
                "security_encryption_type": "",
                "storage_account_type": "Standard_LRS",
                "write_accelerator_enabled": false
              }
            ],
            "patch_assessment_mode": "ImageDefault",
            "patch_mode": "ImageDefault",
            "plan": [],
            "platform_fault_domain": -1,
            "priority": "Regular",
            "private_ip_address": "10.0.1.5",
            "private_ip_addresses": [
              "10.0.1.5"
            ],
            "provision_vm_agent": true,
            "proximity_placement_group_id": "",
            "public_ip_address": "157.56.166.149",
            "public_ip_addresses": [
              "157.56.166.149"
            ],
            "reboot_setting": "",
            "resource_group_name": "terraformrg",
            "secret": [],
            "secure_boot_enabled": false,
            "size": "Standard_DS1_v2",
            "source_image_id": "",
            "source_image_reference": [
              {
                "offer": "UbuntuServer",
                "publisher": "Canonical",
                "sku": "18.04-LTS",
                "version": "latest"
              }
            ],
            "tags": null,
            "termination_notification": null,
            "timeouts": null,
            "user_data": "",
            "virtual_machine_id": "6c22c0f1-99a9-4caa-8ab9-4e3e1461ec42",
            "virtual_machine_scale_set_id": "",
            "vtpm_enabled": false,
            "zone": ""
          },
          "sensitive_attributes": [],
          "private": "eyJlMmJmYjczMC1lY2FhLTExZTYtOGY4OC0zNDM2M2JjN2M0YzAiOnsiY3JlYXRlIjoyNzAwMDAwMDAwMDAwLCJkZWxldGUiOjI3MDAwMDAwMDAwMDAsInJlYWQiOjMwMDAwMDAwMDAwMCwidXBkYXRlIjoyNzAwMDAwMDAwMDAwfX0=",
          "dependencies": [
            "module.Terraform_linux_instance.azurerm_network_interface.my_terraform_nic",
            "module.Terraform_linux_instance.azurerm_public_ip.my_terraform_public_ip",
            "module.Terraform_linux_network.azurerm_resource_group.rg",
            "module.Terraform_linux_network.azurerm_subnet.my_terraform_subnet",
            "module.Terraform_linux_network.azurerm_virtual_network.my_terraform_network"
          ]
        },
        {
          "index_key": "tvm2",
          "schema_version": 0,
          "attributes": {
            "additional_capabilities": [],
            "admin_password": "Password!@#$",
            "admin_ssh_key": [],
            "admin_username": "azureuser2",
            "allow_extension_operations": true,
            "availability_set_id": "",
            "boot_diagnostics": [],
            "bypass_platform_safety_checks_on_user_schedule_enabled": false,
            "capacity_reservation_group_id": "",
            "computer_name": "vm-tvm2",
            "custom_data": "IyEvYmluL2Jhc2gKCiMgVXBkYXRlIHBhY2thZ2UgbGlzdHMKc3VkbyBhcHQtZ2V0IHVwZGF0ZQoKIyBJbnN0YWxsIEphdmEKc3VkbyBhcHQtZ2V0IGluc3RhbGwgLXkgZGVmYXVsdC1qcmUKCiMgSW5zdGFsbCBhbnNpYmxlCnN1ZG8gYXB0IGluc3RhbGwgLXkgYW5zaWJsZQoKIyBTZXQgdGhlIHNjcmlwdCBhcyBleGVjdXRhYmxlCmNobW9kICt4IGluc3RhbGxfcGFja2FnZXMuc2g=",
            "dedicated_host_group_id": "",
            "dedicated_host_id": "",
            "disable_password_authentication": false,
            "edge_zone": "",
            "encryption_at_host_enabled": false,
            "eviction_policy": "",
            "extensions_time_budget": "PT1H30M",
            "gallery_application": [],
            "id": "/subscriptions/24aec7d3-4d2b-4477-bf63-4badc43041db/resourceGroups/terraformrg/providers/Microsoft.Compute/virtualMachines/vm-tvm2",
            "identity": [],
            "license_type": "",
            "location": "westus",
            "max_bid_price": -1,
            "name": "vm-tvm2",
            "network_interface_ids": [
              "/subscriptions/24aec7d3-4d2b-4477-bf63-4badc43041db/resourceGroups/terraformrg/providers/Microsoft.Network/networkInterfaces/my-nic-tvm2"
            ],
            "os_disk": [
              {
                "caching": "ReadWrite",
                "diff_disk_settings": [],
                "disk_encryption_set_id": "",
                "disk_size_gb": 30,
                "name": "tvm2-osdisk",
                "secure_vm_disk_encryption_set_id": "",
                "security_encryption_type": "",
                "storage_account_type": "Standard_LRS",
                "write_accelerator_enabled": false
              }
            ],
            "patch_assessment_mode": "ImageDefault",
            "patch_mode": "ImageDefault",
            "plan": [],
            "platform_fault_domain": -1,
            "priority": "Regular",
            "private_ip_address": "10.0.1.4",
            "private_ip_addresses": [
              "10.0.1.4"
            ],
            "provision_vm_agent": true,
            "proximity_placement_group_id": "",
            "public_ip_address": "104.40.16.134",
            "public_ip_addresses": [
              "104.40.16.134"
            ],
            "reboot_setting": "",
            "resource_group_name": "terraformrg",
            "secret": [],
            "secure_boot_enabled": false,
            "size": "Standard_DS1_v2",
            "source_image_id": "",
            "source_image_reference": [
              {
                "offer": "UbuntuServer",
                "publisher": "Canonical",
                "sku": "18.04-LTS",
                "version": "latest"
              }
            ],
            "tags": null,
            "termination_notification": null,
            "timeouts": null,
            "user_data": "",
            "virtual_machine_id": "f4241921-e889-4adb-b1ed-83114f7650aa",
            "virtual_machine_scale_set_id": "",
            "vtpm_enabled": false,
            "zone": ""
          },
          "sensitive_attributes": [],
          "private": "eyJlMmJmYjczMC1lY2FhLTExZTYtOGY4OC0zNDM2M2JjN2M0YzAiOnsiY3JlYXRlIjoyNzAwMDAwMDAwMDAwLCJkZWxldGUiOjI3MDAwMDAwMDAwMDAsInJlYWQiOjMwMDAwMDAwMDAwMCwidXBkYXRlIjoyNzAwMDAwMDAwMDAwfX0=",
          "dependencies": [
            "module.Terraform_linux_instance.azurerm_network_interface.my_terraform_nic",
            "module.Terraform_linux_instance.azurerm_public_ip.my_terraform_public_ip",
            "module.Terraform_linux_network.azurerm_resource_group.rg",
            "module.Terraform_linux_network.azurerm_subnet.my_terraform_subnet",
            "module.Terraform_linux_network.azurerm_virtual_network.my_terraform_network"
          ]
        },
        {
          "index_key": "tvm3",
          "schema_version": 0,
          "attributes": {
            "additional_capabilities": [],
            "admin_password": "Password!@#$",
            "admin_ssh_key": [],
            "admin_username": "azureuser3",
            "allow_extension_operations": true,
            "availability_set_id": "",
            "boot_diagnostics": [],
            "bypass_platform_safety_checks_on_user_schedule_enabled": false,
            "capacity_reservation_group_id": "",
            "computer_name": "vm-tvm3",
            "custom_data": "IyEvYmluL2Jhc2gKCiMgVXBkYXRlIHBhY2thZ2UgbGlzdHMKc3VkbyBhcHQtZ2V0IHVwZGF0ZQoKIyBJbnN0YWxsIEphdmEKc3VkbyBhcHQtZ2V0IGluc3RhbGwgLXkgZGVmYXVsdC1qcmUKCiMgSW5zdGFsbCBhbnNpYmxlCnN1ZG8gYXB0IGluc3RhbGwgLXkgYW5zaWJsZQoKIyBTZXQgdGhlIHNjcmlwdCBhcyBleGVjdXRhYmxlCmNobW9kICt4IGluc3RhbGxfcGFja2FnZXMuc2g=",
            "dedicated_host_group_id": "",
            "dedicated_host_id": "",
            "disable_password_authentication": false,
            "edge_zone": "",
            "encryption_at_host_enabled": false,
            "eviction_policy": "",
            "extensions_time_budget": "PT1H30M",
            "gallery_application": [],
            "id": "/subscriptions/24aec7d3-4d2b-4477-bf63-4badc43041db/resourceGroups/terraformrg/providers/Microsoft.Compute/virtualMachines/vm-tvm3",
            "identity": [],
            "license_type": "",
            "location": "westus",
            "max_bid_price": -1,
            "name": "vm-tvm3",
            "network_interface_ids": [
              "/subscriptions/24aec7d3-4d2b-4477-bf63-4badc43041db/resourceGroups/terraformrg/providers/Microsoft.Network/networkInterfaces/my-nic-tvm3"
            ],
            "os_disk": [
              {
                "caching": "ReadWrite",
                "diff_disk_settings": [],
                "disk_encryption_set_id": "",
                "disk_size_gb": 30,
                "name": "tvm3-osdisk",
                "secure_vm_disk_encryption_set_id": "",
                "security_encryption_type": "",
                "storage_account_type": "Standard_LRS",
                "write_accelerator_enabled": false
              }
            ],
            "patch_assessment_mode": "ImageDefault",
            "patch_mode": "ImageDefault",
            "plan": [],
            "platform_fault_domain": -1,
            "priority": "Regular",
            "private_ip_address": "10.0.1.6",
            "private_ip_addresses": [
              "10.0.1.6"
            ],
            "provision_vm_agent": true,
            "proximity_placement_group_id": "",
            "public_ip_address": "157.56.163.185",
            "public_ip_addresses": [
              "157.56.163.185"
            ],
            "reboot_setting": "",
            "resource_group_name": "terraformrg",
            "secret": [],
            "secure_boot_enabled": false,
            "size": "Standard_DS1_v2",
            "source_image_id": "",
            "source_image_reference": [
              {
                "offer": "UbuntuServer",
                "publisher": "Canonical",
                "sku": "18.04-LTS",
                "version": "latest"
              }
            ],
            "tags": null,
            "termination_notification": null,
            "timeouts": null,
            "user_data": "",
            "virtual_machine_id": "48759e0e-60b0-4986-8dfe-f78c28344231",
            "virtual_machine_scale_set_id": "",
            "vtpm_enabled": false,
            "zone": ""
          },
          "sensitive_attributes": [],
          "private": "eyJlMmJmYjczMC1lY2FhLTExZTYtOGY4OC0zNDM2M2JjN2M0YzAiOnsiY3JlYXRlIjoyNzAwMDAwMDAwMDAwLCJkZWxldGUiOjI3MDAwMDAwMDAwMDAsInJlYWQiOjMwMDAwMDAwMDAwMCwidXBkYXRlIjoyNzAwMDAwMDAwMDAwfX0=",
          "dependencies": [
            "module.Terraform_linux_instance.azurerm_network_interface.my_terraform_nic",
            "module.Terraform_linux_instance.azurerm_public_ip.my_terraform_public_ip",
            "module.Terraform_linux_network.azurerm_resource_group.rg",
            "module.Terraform_linux_network.azurerm_subnet.my_terraform_subnet",
            "module.Terraform_linux_network.azurerm_virtual_network.my_terraform_network"
          ]
        }
      ]
    },
    {
      "module": "module.Terraform_linux_instance",
      "mode": "managed",
      "type": "azurerm_network_interface",
      "name": "my_terraform_nic",
      "provider": "module.Terraform_linux_instance.provider[\"registry.terraform.io/hashicorp/azurerm\"]",
      "instances": [
        {
          "index_key": "tvm1",
          "schema_version": 0,
          "attributes": {
            "applied_dns_servers": [],
            "auxiliary_mode": "",
            "auxiliary_sku": "",
            "dns_servers": [],
            "edge_zone": "",
            "enable_accelerated_networking": false,
            "enable_ip_forwarding": false,
            "id": "/subscriptions/24aec7d3-4d2b-4477-bf63-4badc43041db/resourceGroups/terraformrg/providers/Microsoft.Network/networkInterfaces/my-nic-tvm1",
            "internal_dns_name_label": "",
            "internal_domain_name_suffix": "1jp4g0myyjle3hb0ugzx3yc0ja.dx.internal.cloudapp.net",
            "ip_configuration": [
              {
                "gateway_load_balancer_frontend_ip_configuration_id": "",
                "name": "my_nic_configuration",
                "primary": true,
                "private_ip_address": "10.0.1.5",
                "private_ip_address_allocation": "Dynamic",
                "private_ip_address_version": "IPv4",
                "public_ip_address_id": "/subscriptions/24aec7d3-4d2b-4477-bf63-4badc43041db/resourceGroups/terraformrg/providers/Microsoft.Network/publicIPAddresses/myPublicIP-tvm1",
                "subnet_id": "/subscriptions/24aec7d3-4d2b-4477-bf63-4badc43041db/resourceGroups/terraformrg/providers/Microsoft.Network/virtualNetworks/terraform_vnet/subnets/terraform_subnet"
              }
            ],
            "location": "westus",
            "mac_address": "60-45-BD-07-0F-3B",
            "name": "my-nic-tvm1",
            "private_ip_address": "10.0.1.5",
            "private_ip_addresses": [
              "10.0.1.5"
            ],
            "resource_group_name": "terraformrg",
            "tags": {},
            "timeouts": null,
            "virtual_machine_id": "/subscriptions/24aec7d3-4d2b-4477-bf63-4badc43041db/resourceGroups/terraformrg/providers/Microsoft.Compute/virtualMachines/vm-tvm1"
          },
          "sensitive_attributes": [],
          "private": "eyJlMmJmYjczMC1lY2FhLTExZTYtOGY4OC0zNDM2M2JjN2M0YzAiOnsiY3JlYXRlIjoxODAwMDAwMDAwMDAwLCJkZWxldGUiOjE4MDAwMDAwMDAwMDAsInJlYWQiOjMwMDAwMDAwMDAwMCwidXBkYXRlIjoxODAwMDAwMDAwMDAwfX0=",
          "dependencies": [
            "module.Terraform_linux_instance.azurerm_public_ip.my_terraform_public_ip",
            "module.Terraform_linux_network.azurerm_resource_group.rg",
            "module.Terraform_linux_network.azurerm_subnet.my_terraform_subnet",
            "module.Terraform_linux_network.azurerm_virtual_network.my_terraform_network"
          ]
        },
        {
          "index_key": "tvm2",
          "schema_version": 0,
          "attributes": {
            "applied_dns_servers": [],
            "auxiliary_mode": "",
            "auxiliary_sku": "",
            "dns_servers": [],
            "edge_zone": "",
            "enable_accelerated_networking": false,
            "enable_ip_forwarding": false,
            "id": "/subscriptions/24aec7d3-4d2b-4477-bf63-4badc43041db/resourceGroups/terraformrg/providers/Microsoft.Network/networkInterfaces/my-nic-tvm2",
            "internal_dns_name_label": "",
            "internal_domain_name_suffix": "1jp4g0myyjle3hb0ugzx3yc0ja.dx.internal.cloudapp.net",
            "ip_configuration": [
              {
                "gateway_load_balancer_frontend_ip_configuration_id": "",
                "name": "my_nic_configuration",
                "primary": true,
                "private_ip_address": "10.0.1.4",
                "private_ip_address_allocation": "Dynamic",
                "private_ip_address_version": "IPv4",
                "public_ip_address_id": "/subscriptions/24aec7d3-4d2b-4477-bf63-4badc43041db/resourceGroups/terraformrg/providers/Microsoft.Network/publicIPAddresses/myPublicIP-tvm2",
                "subnet_id": "/subscriptions/24aec7d3-4d2b-4477-bf63-4badc43041db/resourceGroups/terraformrg/providers/Microsoft.Network/virtualNetworks/terraform_vnet/subnets/terraform_subnet"
              }
            ],
            "location": "westus",
            "mac_address": "00-0D-3A-5D-47-D4",
            "name": "my-nic-tvm2",
            "private_ip_address": "10.0.1.4",
            "private_ip_addresses": [
              "10.0.1.4"
            ],
            "resource_group_name": "terraformrg",
            "tags": {},
            "timeouts": null,
            "virtual_machine_id": "/subscriptions/24aec7d3-4d2b-4477-bf63-4badc43041db/resourceGroups/terraformrg/providers/Microsoft.Compute/virtualMachines/vm-tvm2"
          },
          "sensitive_attributes": [],
          "private": "eyJlMmJmYjczMC1lY2FhLTExZTYtOGY4OC0zNDM2M2JjN2M0YzAiOnsiY3JlYXRlIjoxODAwMDAwMDAwMDAwLCJkZWxldGUiOjE4MDAwMDAwMDAwMDAsInJlYWQiOjMwMDAwMDAwMDAwMCwidXBkYXRlIjoxODAwMDAwMDAwMDAwfX0=",
          "dependencies": [
            "module.Terraform_linux_instance.azurerm_public_ip.my_terraform_public_ip",
            "module.Terraform_linux_network.azurerm_resource_group.rg",
            "module.Terraform_linux_network.azurerm_subnet.my_terraform_subnet",
            "module.Terraform_linux_network.azurerm_virtual_network.my_terraform_network"
          ]
        },
        {
          "index_key": "tvm3",
          "schema_version": 0,
          "attributes": {
            "applied_dns_servers": [],
            "auxiliary_mode": "",
            "auxiliary_sku": "",
            "dns_servers": [],
            "edge_zone": "",
            "enable_accelerated_networking": false,
            "enable_ip_forwarding": false,
            "id": "/subscriptions/24aec7d3-4d2b-4477-bf63-4badc43041db/resourceGroups/terraformrg/providers/Microsoft.Network/networkInterfaces/my-nic-tvm3",
            "internal_dns_name_label": "",
            "internal_domain_name_suffix": "1jp4g0myyjle3hb0ugzx3yc0ja.dx.internal.cloudapp.net",
            "ip_configuration": [
              {
                "gateway_load_balancer_frontend_ip_configuration_id": "",
                "name": "my_nic_configuration",
                "primary": true,
                "private_ip_address": "10.0.1.6",
                "private_ip_address_allocation": "Dynamic",
                "private_ip_address_version": "IPv4",
                "public_ip_address_id": "/subscriptions/24aec7d3-4d2b-4477-bf63-4badc43041db/resourceGroups/terraformrg/providers/Microsoft.Network/publicIPAddresses/myPublicIP-tvm3",
                "subnet_id": "/subscriptions/24aec7d3-4d2b-4477-bf63-4badc43041db/resourceGroups/terraformrg/providers/Microsoft.Network/virtualNetworks/terraform_vnet/subnets/terraform_subnet"
              }
            ],
            "location": "westus",
            "mac_address": "00-0D-3A-37-20-47",
            "name": "my-nic-tvm3",
            "private_ip_address": "10.0.1.6",
            "private_ip_addresses": [
              "10.0.1.6"
            ],
            "resource_group_name": "terraformrg",
            "tags": {},
            "timeouts": null,
            "virtual_machine_id": "/subscriptions/24aec7d3-4d2b-4477-bf63-4badc43041db/resourceGroups/terraformrg/providers/Microsoft.Compute/virtualMachines/vm-tvm3"
          },
          "sensitive_attributes": [],
          "private": "eyJlMmJmYjczMC1lY2FhLTExZTYtOGY4OC0zNDM2M2JjN2M0YzAiOnsiY3JlYXRlIjoxODAwMDAwMDAwMDAwLCJkZWxldGUiOjE4MDAwMDAwMDAwMDAsInJlYWQiOjMwMDAwMDAwMDAwMCwidXBkYXRlIjoxODAwMDAwMDAwMDAwfX0=",
          "dependencies": [
            "module.Terraform_linux_instance.azurerm_public_ip.my_terraform_public_ip",
            "module.Terraform_linux_network.azurerm_resource_group.rg",
            "module.Terraform_linux_network.azurerm_subnet.my_terraform_subnet",
            "module.Terraform_linux_network.azurerm_virtual_network.my_terraform_network"
          ]
        }
      ]
    },
    {
      "module": "module.Terraform_linux_instance",
      "mode": "managed",
      "type": "azurerm_public_ip",
      "name": "my_terraform_public_ip",
      "provider": "module.Terraform_linux_instance.provider[\"registry.terraform.io/hashicorp/azurerm\"]",
      "instances": [
        {
          "index_key": "tvm1",
          "schema_version": 0,
          "attributes": {
            "allocation_method": "Dynamic",
            "ddos_protection_mode": "VirtualNetworkInherited",
            "ddos_protection_plan_id": null,
            "domain_name_label": null,
            "edge_zone": "",
            "fqdn": null,
            "id": "/subscriptions/24aec7d3-4d2b-4477-bf63-4badc43041db/resourceGroups/terraformrg/providers/Microsoft.Network/publicIPAddresses/myPublicIP-tvm1",
            "idle_timeout_in_minutes": 4,
            "ip_address": "137.135.41.203",
            "ip_tags": {},
            "ip_version": "IPv4",
            "location": "westus",
            "name": "myPublicIP-tvm1",
            "public_ip_prefix_id": null,
            "resource_group_name": "terraformrg",
            "reverse_fqdn": null,
            "sku": "Basic",
            "sku_tier": "Regional",
            "tags": {
              "environment": "production"
            },
            "timeouts": null,
            "zones": []
          },
          "sensitive_attributes": [],
          "private": "eyJlMmJmYjczMC1lY2FhLTExZTYtOGY4OC0zNDM2M2JjN2M0YzAiOnsiY3JlYXRlIjoxODAwMDAwMDAwMDAwLCJkZWxldGUiOjE4MDAwMDAwMDAwMDAsInJlYWQiOjMwMDAwMDAwMDAwMCwidXBkYXRlIjoxODAwMDAwMDAwMDAwfX0="
        },
        {
          "index_key": "tvm2",
          "schema_version": 0,
          "attributes": {
            "allocation_method": "Dynamic",
            "ddos_protection_mode": "VirtualNetworkInherited",
            "ddos_protection_plan_id": null,
            "domain_name_label": null,
            "edge_zone": "",
            "fqdn": null,
            "id": "/subscriptions/24aec7d3-4d2b-4477-bf63-4badc43041db/resourceGroups/terraformrg/providers/Microsoft.Network/publicIPAddresses/myPublicIP-tvm2",
            "idle_timeout_in_minutes": 4,
            "ip_address": "104.40.12.166",
            "ip_tags": {},
            "ip_version": "IPv4",
            "location": "westus",
            "name": "myPublicIP-tvm2",
            "public_ip_prefix_id": null,
            "resource_group_name": "terraformrg",
            "reverse_fqdn": null,
            "sku": "Basic",
            "sku_tier": "Regional",
            "tags": {
              "environment": "production"
            },
            "timeouts": null,
            "zones": []
          },
          "sensitive_attributes": [],
          "private": "eyJlMmJmYjczMC1lY2FhLTExZTYtOGY4OC0zNDM2M2JjN2M0YzAiOnsiY3JlYXRlIjoxODAwMDAwMDAwMDAwLCJkZWxldGUiOjE4MDAwMDAwMDAwMDAsInJlYWQiOjMwMDAwMDAwMDAwMCwidXBkYXRlIjoxODAwMDAwMDAwMDAwfX0="
        },
        {
          "index_key": "tvm3",
          "schema_version": 0,
          "attributes": {
            "allocation_method": "Dynamic",
            "ddos_protection_mode": "VirtualNetworkInherited",
            "ddos_protection_plan_id": null,
            "domain_name_label": null,
            "edge_zone": "",
            "fqdn": null,
            "id": "/subscriptions/24aec7d3-4d2b-4477-bf63-4badc43041db/resourceGroups/terraformrg/providers/Microsoft.Network/publicIPAddresses/myPublicIP-tvm3",
            "idle_timeout_in_minutes": 4,
            "ip_address": "137.135.46.164",
            "ip_tags": {},
            "ip_version": "IPv4",
            "location": "westus",
            "name": "myPublicIP-tvm3",
            "public_ip_prefix_id": null,
            "resource_group_name": "terraformrg",
            "reverse_fqdn": null,
            "sku": "Basic",
            "sku_tier": "Regional",
            "tags": {
              "environment": "production"
            },
            "timeouts": null,
            "zones": []
          },
          "sensitive_attributes": [],
          "private": "eyJlMmJmYjczMC1lY2FhLTExZTYtOGY4OC0zNDM2M2JjN2M0YzAiOnsiY3JlYXRlIjoxODAwMDAwMDAwMDAwLCJkZWxldGUiOjE4MDAwMDAwMDAwMDAsInJlYWQiOjMwMDAwMDAwMDAwMCwidXBkYXRlIjoxODAwMDAwMDAwMDAwfX0="
        }
      ]
    },
    {
      "module": "module.Terraform_linux_network",
      "mode": "managed",
      "type": "azurerm_network_security_group",
      "name": "my_terraform_nsg",
      "provider": "module.Terraform_linux_network.provider[\"registry.terraform.io/hashicorp/azurerm\"]",
      "instances": [
        {
          "schema_version": 0,
          "attributes": {
            "id": "/subscriptions/24aec7d3-4d2b-4477-bf63-4badc43041db/resourceGroups/terraformrg/providers/Microsoft.Network/networkSecurityGroups/terraformnsg",
            "location": "westus",
            "name": "terraformnsg",
            "resource_group_name": "terraformrg",
            "security_rule": [
              {
                "access": "Allow",
                "description": "",
                "destination_address_prefix": "*",
                "destination_address_prefixes": [],
                "destination_application_security_group_ids": [],
                "destination_port_range": "22",
                "destination_port_ranges": [],
                "direction": "Inbound",
                "name": "AllowSSH",
                "priority": 100,
                "protocol": "Tcp",
                "source_address_prefix": "*",
                "source_address_prefixes": [],
                "source_application_security_group_ids": [],
                "source_port_range": "*",
                "source_port_ranges": []
              }
            ],
            "tags": {},
            "timeouts": null
          },
          "sensitive_attributes": [],
          "private": "eyJlMmJmYjczMC1lY2FhLTExZTYtOGY4OC0zNDM2M2JjN2M0YzAiOnsiY3JlYXRlIjoxODAwMDAwMDAwMDAwLCJkZWxldGUiOjE4MDAwMDAwMDAwMDAsInJlYWQiOjMwMDAwMDAwMDAwMCwidXBkYXRlIjoxODAwMDAwMDAwMDAwfX0=",
          "dependencies": [
            "module.Terraform_linux_network.azurerm_resource_group.rg"
          ]
        }
      ]
    },
    {
      "module": "module.Terraform_linux_network",
      "mode": "managed",
      "type": "azurerm_network_security_rule",
      "name": "allow_ssh",
      "provider": "module.Terraform_linux_network.provider[\"registry.terraform.io/hashicorp/azurerm\"]",
      "instances": [
        {
          "schema_version": 0,
          "attributes": {
            "access": "Allow",
            "description": "",
            "destination_address_prefix": "*",
            "destination_address_prefixes": [],
            "destination_application_security_group_ids": [],
            "destination_port_range": "22",
            "destination_port_ranges": [],
            "direction": "Inbound",
            "id": "/subscriptions/24aec7d3-4d2b-4477-bf63-4badc43041db/resourceGroups/terraformrg/providers/Microsoft.Network/networkSecurityGroups/terraformnsg/securityRules/AllowSSH",
            "name": "AllowSSH",
            "network_security_group_name": "terraformnsg",
            "priority": 100,
            "protocol": "Tcp",
            "resource_group_name": "terraformrg",
            "source_address_prefix": "*",
            "source_address_prefixes": [],
            "source_application_security_group_ids": [],
            "source_port_range": "*",
            "source_port_ranges": [],
            "timeouts": null
          },
          "sensitive_attributes": [],
          "private": "eyJlMmJmYjczMC1lY2FhLTExZTYtOGY4OC0zNDM2M2JjN2M0YzAiOnsiY3JlYXRlIjoxODAwMDAwMDAwMDAwLCJkZWxldGUiOjE4MDAwMDAwMDAwMDAsInJlYWQiOjMwMDAwMDAwMDAwMCwidXBkYXRlIjoxODAwMDAwMDAwMDAwfX0=",
          "dependencies": [
            "module.Terraform_linux_network.azurerm_network_security_group.my_terraform_nsg",
            "module.Terraform_linux_network.azurerm_resource_group.rg"
          ]
        }
      ]
    },
    {
      "module": "module.Terraform_linux_network",
      "mode": "managed",
      "type": "azurerm_resource_group",
      "name": "rg",
      "provider": "module.Terraform_linux_network.provider[\"registry.terraform.io/hashicorp/azurerm\"]",
      "instances": [
        {
          "schema_version": 0,
          "attributes": {
            "id": "/subscriptions/24aec7d3-4d2b-4477-bf63-4badc43041db/resourceGroups/terraformrg",
            "location": "westus",
            "managed_by": "",
            "name": "terraformrg",
            "tags": {},
            "timeouts": null
          },
          "sensitive_attributes": [],
          "private": "eyJlMmJmYjczMC1lY2FhLTExZTYtOGY4OC0zNDM2M2JjN2M0YzAiOnsiY3JlYXRlIjo1NDAwMDAwMDAwMDAwLCJkZWxldGUiOjU0MDAwMDAwMDAwMDAsInJlYWQiOjMwMDAwMDAwMDAwMCwidXBkYXRlIjo1NDAwMDAwMDAwMDAwfX0="
        }
      ]
    },
    {
      "module": "module.Terraform_linux_network",
      "mode": "managed",
      "type": "azurerm_subnet",
      "name": "my_terraform_subnet",
      "provider": "module.Terraform_linux_network.provider[\"registry.terraform.io/hashicorp/azurerm\"]",
      "instances": [
        {
          "schema_version": 0,
          "attributes": {
            "address_prefixes": [
              "10.0.1.0/24"
            ],
            "delegation": [],
            "enforce_private_link_endpoint_network_policies": false,
            "enforce_private_link_service_network_policies": false,
            "id": "/subscriptions/24aec7d3-4d2b-4477-bf63-4badc43041db/resourceGroups/terraformrg/providers/Microsoft.Network/virtualNetworks/terraform_vnet/subnets/terraform_subnet",
            "name": "terraform_subnet",
            "private_endpoint_network_policies_enabled": true,
            "private_link_service_network_policies_enabled": true,
            "resource_group_name": "terraformrg",
            "service_endpoint_policy_ids": [],
            "service_endpoints": [],
            "timeouts": null,
            "virtual_network_name": "terraform_vnet"
          },
          "sensitive_attributes": [],
          "private": "eyJlMmJmYjczMC1lY2FhLTExZTYtOGY4OC0zNDM2M2JjN2M0YzAiOnsiY3JlYXRlIjoxODAwMDAwMDAwMDAwLCJkZWxldGUiOjE4MDAwMDAwMDAwMDAsInJlYWQiOjMwMDAwMDAwMDAwMCwidXBkYXRlIjoxODAwMDAwMDAwMDAwfX0=",
          "dependencies": [
            "module.Terraform_linux_network.azurerm_resource_group.rg",
            "module.Terraform_linux_network.azurerm_virtual_network.my_terraform_network"
          ]
        }
      ]
    },
    {
      "module": "module.Terraform_linux_network",
      "mode": "managed",
      "type": "azurerm_virtual_network",
      "name": "my_terraform_network",
      "provider": "module.Terraform_linux_network.provider[\"registry.terraform.io/hashicorp/azurerm\"]",
      "instances": [
        {
          "schema_version": 0,
          "attributes": {
            "address_space": [
              "10.0.0.0/16"
            ],
            "bgp_community": "",
            "ddos_protection_plan": [],
            "dns_servers": [],
            "edge_zone": "",
            "encryption": [],
            "flow_timeout_in_minutes": 0,
            "guid": "69e35fda-c298-4e56-9c3a-a1b37ee05a48",
            "id": "/subscriptions/24aec7d3-4d2b-4477-bf63-4badc43041db/resourceGroups/terraformrg/providers/Microsoft.Network/virtualNetworks/terraform_vnet",
            "location": "westus",
            "name": "terraform_vnet",
            "resource_group_name": "terraformrg",
            "subnet": [
              {
                "address_prefix": "10.0.1.0/24",
                "id": "/subscriptions/24aec7d3-4d2b-4477-bf63-4badc43041db/resourceGroups/terraformrg/providers/Microsoft.Network/virtualNetworks/terraform_vnet/subnets/terraform_subnet",
                "name": "terraform_subnet",
                "security_group": ""
              }
            ],
            "tags": {},
            "timeouts": null
          },
          "sensitive_attributes": [],
          "private": "eyJlMmJmYjczMC1lY2FhLTExZTYtOGY4OC0zNDM2M2JjN2M0YzAiOnsiY3JlYXRlIjoxODAwMDAwMDAwMDAwLCJkZWxldGUiOjE4MDAwMDAwMDAwMDAsInJlYWQiOjMwMDAwMDAwMDAwMCwidXBkYXRlIjoxODAwMDAwMDAwMDAwfX0=",
          "dependencies": [
            "module.Terraform_linux_network.azurerm_resource_group.rg"
          ]
        }
      ]
    }
  ],
  "check_results": null
}
